
Microsoft Visual Studio Solution File, Format Version 12.00
# Visual Studio Version 16
VisualStudioVersion = 16.0.810.15
MinimumVisualStudioVersion = 10.0.40219.1
Project("{FAE04EC0-301F-11D3-BF4B-00C04F79EFBC}") = "aspdotnet2dot2-auto-instr", "aspdotnet2dot2-auto-instr\aspdotnet2dot2-auto-instr.csproj", "{028C82A4-8975-47D8-ADE8-081B48BCE69B}"
EndProject
Project("{2150E333-8FDC-42A3-9474-1A3956D46DE8}") = "Solution Items", "Solution Items", "{5C5C4322-08DD-4D99-895D-D1EFC1BE15A7}"
	ProjectSection(SolutionItems) = preProject
		README.md = README.md
	EndProjectSection
EndProject
Project("{E53339B2-1760-4266-BCC7-CA923CBCF16C}") = "docker-compose", "docker-compose.dcproj", "{EC1CF320-42AE-4065-B7B7-AAADAF863720}"
EndProject
Global
	GlobalSection(SolutionConfigurationPlatforms) = preSolution
		Debug|Any CPU = Debug|Any CPU
		Release|Any CPU = Release|Any CPU
	EndGlobalSection
	GlobalSection(ProjectConfigurationPlatforms) = postSolution
		{028C82A4-8975-47D8-ADE8-081B48BCE69B}.Debug|Any CPU.ActiveCfg = Debug|Any CPU
		{028C82A4-8975-47D8-ADE8-081B48BCE69B}.Debug|Any CPU.Build.0 = Debug|Any CPU
		{028C82A4-8975-47D8-ADE8-081B48BCE69B}.Release|Any CPU.ActiveCfg = Release|Any CPU
		{028C82A4-8975-47D8-ADE8-081B48BCE69B}.Release|Any CPU.Build.0 = Release|Any CPU
		{EC1CF320-42AE-4065-B7B7-AAADAF863720}.Debug|Any CPU.ActiveCfg = Debug|Any CPU
		{EC1CF320-42AE-4065-B7B7-AAADAF863720}.Debug|Any CPU.Build.0 = Debug|Any CPU
		{EC1CF320-42AE-4065-B7B7-AAADAF863720}.Release|Any CPU.ActiveCfg = Release|Any CPU
		{EC1CF320-42AE-4065-B7B7-AAADAF863720}.Release|Any CPU.Build.0 = Release|Any CPU
	EndGlobalSection
	GlobalSection(SolutionProperties) = preSolution
		HideSolutionNode = FALSE
	EndGlobalSection
	GlobalSection(ExtensibilityGlobals) = postSolution
		SolutionGuid = {442A6BC1-13B8-46EF-8092-9F0F6B4AE264}
	EndGlobalSection
EndGlobal
